
Microsoft Visual Studio Solution File, Format Version 12.00
# Visual Studio Version 17
VisualStudioVersion = 17.14.36518.9
MinimumVisualStudioVersion = 10.0.40219.1
Project("{2150E333-8FDC-42A3-9474-1A3956D46DE8}") = "PatientService", "PatientService", "{BA87CDBA-F68E-965E-1AD6-66BEA180AEA0}"
EndProject
Project("{FAE04EC0-301F-11D3-BF4B-00C04F79EFBC}") = "PatientService.Domain", "PatientService\PatientService.Domain\PatientService.Domain.csproj", "{F739BACB-C033-4529-AD02-F780C076C9C3}"
EndProject
Project("{FAE04EC0-301F-11D3-BF4B-00C04F79EFBC}") = "PatientService.API", "PatientService\PatientService.API\PatientService.API.csproj", "{F5EF35F0-C728-41E0-9775-2CAE95BF5756}"
EndProject
Project("{FAE04EC0-301F-11D3-BF4B-00C04F79EFBC}") = "PatientService.Application", "PatientService\PatientService.Application\PatientService.Application.csproj", "{341C90BD-D819-45C1-98F3-3E48797EF3A4}"
EndProject
Project("{FAE04EC0-301F-11D3-BF4B-00C04F79EFBC}") = "PatientService.Infrastructure", "PatientService\PatientService.Infrastructure\PatientService.Infrastructure.csproj", "{A701F03E-21FC-4448-B5D5-933BD304873D}"
EndProject
Project("{2150E333-8FDC-42A3-9474-1A3956D46DE8}") = "DoctorService", "DoctorService", "{FDA6EC00-1E7E-4244-87C5-5285E393FA47}"
EndProject
Project("{FAE04EC0-301F-11D3-BF4B-00C04F79EFBC}") = "DoctorService.API", "DoctorService.API\DoctorService.API.csproj", "{2F252FA6-503A-45F4-A19B-3A0C363C5E22}"
EndProject
Project("{FAE04EC0-301F-11D3-BF4B-00C04F79EFBC}") = "DoctorService.Domain", "DoctorService.Domain\DoctorService.Domain.csproj", "{C74845AC-E26D-42FE-B9BF-9BDEB03EB34C}"
EndProject
Project("{FAE04EC0-301F-11D3-BF4B-00C04F79EFBC}") = "DoctorService.Application", "DoctorService.Application\DoctorService.Application.csproj", "{712D0BB9-DB54-4546-94B0-565072673CF7}"
EndProject
Project("{FAE04EC0-301F-11D3-BF4B-00C04F79EFBC}") = "DoctorService.Infrastructure", "DoctorService.Infrastructure\DoctorService.Infrastructure.csproj", "{BA605458-0AD0-4FFE-8B6C-FC60A01CB3B9}"
EndProject
Global
	GlobalSection(SolutionConfigurationPlatforms) = preSolution
		Debug|Any CPU = Debug|Any CPU
		Debug|x64 = Debug|x64
		Debug|x86 = Debug|x86
		Release|Any CPU = Release|Any CPU
		Release|x64 = Release|x64
		Release|x86 = Release|x86
	EndGlobalSection
	GlobalSection(ProjectConfigurationPlatforms) = postSolution
		{F739BACB-C033-4529-AD02-F780C076C9C3}.Debug|Any CPU.ActiveCfg = Debug|Any CPU
		{F739BACB-C033-4529-AD02-F780C076C9C3}.Debug|Any CPU.Build.0 = Debug|Any CPU
		{F739BACB-C033-4529-AD02-F780C076C9C3}.Debug|x64.ActiveCfg = Debug|Any CPU
		{F739BACB-C033-4529-AD02-F780C076C9C3}.Debug|x64.Build.0 = Debug|Any CPU
		{F739BACB-C033-4529-AD02-F780C076C9C3}.Debug|x86.ActiveCfg = Debug|Any CPU
		{F739BACB-C033-4529-AD02-F780C076C9C3}.Debug|x86.Build.0 = Debug|Any CPU
		{F739BACB-C033-4529-AD02-F780C076C9C3}.Release|Any CPU.ActiveCfg = Release|Any CPU
		{F739BACB-C033-4529-AD02-F780C076C9C3}.Release|Any CPU.Build.0 = Release|Any CPU
		{F739BACB-C033-4529-AD02-F780C076C9C3}.Release|x64.ActiveCfg = Release|Any CPU
		{F739BACB-C033-4529-AD02-F780C076C9C3}.Release|x64.Build.0 = Release|Any CPU
		{F739BACB-C033-4529-AD02-F780C076C9C3}.Release|x86.ActiveCfg = Release|Any CPU
		{F739BACB-C033-4529-AD02-F780C076C9C3}.Release|x86.Build.0 = Release|Any CPU
		{F5EF35F0-C728-41E0-9775-2CAE95BF5756}.Debug|Any CPU.ActiveCfg = Debug|Any CPU
		{F5EF35F0-C728-41E0-9775-2CAE95BF5756}.Debug|Any CPU.Build.0 = Debug|Any CPU
		{F5EF35F0-C728-41E0-9775-2CAE95BF5756}.Debug|x64.ActiveCfg = Debug|Any CPU
		{F5EF35F0-C728-41E0-9775-2CAE95BF5756}.Debug|x64.Build.0 = Debug|Any CPU
		{F5EF35F0-C728-41E0-9775-2CAE95BF5756}.Debug|x86.ActiveCfg = Debug|Any CPU
		{F5EF35F0-C728-41E0-9775-2CAE95BF5756}.Debug|x86.Build.0 = Debug|Any CPU
		{F5EF35F0-C728-41E0-9775-2CAE95BF5756}.Release|Any CPU.ActiveCfg = Release|Any CPU
		{F5EF35F0-C728-41E0-9775-2CAE95BF5756}.Release|Any CPU.Build.0 = Release|Any CPU
		{F5EF35F0-C728-41E0-9775-2CAE95BF5756}.Release|x64.ActiveCfg = Release|Any CPU
		{F5EF35F0-C728-41E0-9775-2CAE95BF5756}.Release|x64.Build.0 = Release|Any CPU
		{F5EF35F0-C728-41E0-9775-2CAE95BF5756}.Release|x86.ActiveCfg = Release|Any CPU
		{F5EF35F0-C728-41E0-9775-2CAE95BF5756}.Release|x86.Build.0 = Release|Any CPU
		{341C90BD-D819-45C1-98F3-3E48797EF3A4}.Debug|Any CPU.ActiveCfg = Debug|Any CPU
		{341C90BD-D819-45C1-98F3-3E48797EF3A4}.Debug|Any CPU.Build.0 = Debug|Any CPU
		{341C90BD-D819-45C1-98F3-3E48797EF3A4}.Debug|x64.ActiveCfg = Debug|Any CPU
		{341C90BD-D819-45C1-98F3-3E48797EF3A4}.Debug|x64.Build.0 = Debug|Any CPU
		{341C90BD-D819-45C1-98F3-3E48797EF3A4}.Debug|x86.ActiveCfg = Debug|Any CPU
		{341C90BD-D819-45C1-98F3-3E48797EF3A4}.Debug|x86.Build.0 = Debug|Any CPU
		{341C90BD-D819-45C1-98F3-3E48797EF3A4}.Release|Any CPU.ActiveCfg = Release|Any CPU
		{341C90BD-D819-45C1-98F3-3E48797EF3A4}.Release|Any CPU.Build.0 = Release|Any CPU
		{341C90BD-D819-45C1-98F3-3E48797EF3A4}.Release|x64.ActiveCfg = Release|Any CPU
		{341C90BD-D819-45C1-98F3-3E48797EF3A4}.Release|x64.Build.0 = Release|Any CPU
		{341C90BD-D819-45C1-98F3-3E48797EF3A4}.Release|x86.ActiveCfg = Release|Any CPU
		{341C90BD-D819-45C1-98F3-3E48797EF3A4}.Release|x86.Build.0 = Release|Any CPU
		{A701F03E-21FC-4448-B5D5-933BD304873D}.Debug|Any CPU.ActiveCfg = Debug|Any CPU
		{A701F03E-21FC-4448-B5D5-933BD304873D}.Debug|Any CPU.Build.0 = Debug|Any CPU
		{A701F03E-21FC-4448-B5D5-933BD304873D}.Debug|x64.ActiveCfg = Debug|Any CPU
		{A701F03E-21FC-4448-B5D5-933BD304873D}.Debug|x64.Build.0 = Debug|Any CPU
		{A701F03E-21FC-4448-B5D5-933BD304873D}.Debug|x86.ActiveCfg = Debug|Any CPU
		{A701F03E-21FC-4448-B5D5-933BD304873D}.Debug|x86.Build.0 = Debug|Any CPU
		{A701F03E-21FC-4448-B5D5-933BD304873D}.Release|Any CPU.ActiveCfg = Release|Any CPU
		{A701F03E-21FC-4448-B5D5-933BD304873D}.Release|Any CPU.Build.0 = Release|Any CPU
		{A701F03E-21FC-4448-B5D5-933BD304873D}.Release|x64.ActiveCfg = Release|Any CPU
		{A701F03E-21FC-4448-B5D5-933BD304873D}.Release|x64.Build.0 = Release|Any CPU
		{A701F03E-21FC-4448-B5D5-933BD304873D}.Release|x86.ActiveCfg = Release|Any CPU
		{A701F03E-21FC-4448-B5D5-933BD304873D}.Release|x86.Build.0 = Release|Any CPU
		{2F252FA6-503A-45F4-A19B-3A0C363C5E22}.Debug|Any CPU.ActiveCfg = Debug|Any CPU
		{2F252FA6-503A-45F4-A19B-3A0C363C5E22}.Debug|Any CPU.Build.0 = Debug|Any CPU
		{2F252FA6-503A-45F4-A19B-3A0C363C5E22}.Debug|x64.ActiveCfg = Debug|Any CPU
		{2F252FA6-503A-45F4-A19B-3A0C363C5E22}.Debug|x64.Build.0 = Debug|Any CPU
		{2F252FA6-503A-45F4-A19B-3A0C363C5E22}.Debug|x86.ActiveCfg = Debug|Any CPU
		{2F252FA6-503A-45F4-A19B-3A0C363C5E22}.Debug|x86.Build.0 = Debug|Any CPU
		{2F252FA6-503A-45F4-A19B-3A0C363C5E22}.Release|Any CPU.ActiveCfg = Release|Any CPU
		{2F252FA6-503A-45F4-A19B-3A0C363C5E22}.Release|Any CPU.Build.0 = Release|Any CPU
		{2F252FA6-503A-45F4-A19B-3A0C363C5E22}.Release|x64.ActiveCfg = Release|Any CPU
		{2F252FA6-503A-45F4-A19B-3A0C363C5E22}.Release|x64.Build.0 = Release|Any CPU
		{2F252FA6-503A-45F4-A19B-3A0C363C5E22}.Release|x86.ActiveCfg = Release|Any CPU
		{2F252FA6-503A-45F4-A19B-3A0C363C5E22}.Release|x86.Build.0 = Release|Any CPU
		{C74845AC-E26D-42FE-B9BF-9BDEB03EB34C}.Debug|Any CPU.ActiveCfg = Debug|Any CPU
		{C74845AC-E26D-42FE-B9BF-9BDEB03EB34C}.Debug|Any CPU.Build.0 = Debug|Any CPU
		{C74845AC-E26D-42FE-B9BF-9BDEB03EB34C}.Debug|x64.ActiveCfg = Debug|Any CPU
		{C74845AC-E26D-42FE-B9BF-9BDEB03EB34C}.Debug|x64.Build.0 = Debug|Any CPU
		{C74845AC-E26D-42FE-B9BF-9BDEB03EB34C}.Debug|x86.ActiveCfg = Debug|Any CPU
		{C74845AC-E26D-42FE-B9BF-9BDEB03EB34C}.Debug|x86.Build.0 = Debug|Any CPU
		{C74845AC-E26D-42FE-B9BF-9BDEB03EB34C}.Release|Any CPU.ActiveCfg = Release|Any CPU
		{C74845AC-E26D-42FE-B9BF-9BDEB03EB34C}.Release|Any CPU.Build.0 = Release|Any CPU
		{C74845AC-E26D-42FE-B9BF-9BDEB03EB34C}.Release|x64.ActiveCfg = Release|Any CPU
		{C74845AC-E26D-42FE-B9BF-9BDEB03EB34C}.Release|x64.Build.0 = Release|Any CPU
		{C74845AC-E26D-42FE-B9BF-9BDEB03EB34C}.Release|x86.ActiveCfg = Release|Any CPU
		{C74845AC-E26D-42FE-B9BF-9BDEB03EB34C}.Release|x86.Build.0 = Release|Any CPU
		{712D0BB9-DB54-4546-94B0-565072673CF7}.Debug|Any CPU.ActiveCfg = Debug|Any CPU
		{712D0BB9-DB54-4546-94B0-565072673CF7}.Debug|Any CPU.Build.0 = Debug|Any CPU
		{712D0BB9-DB54-4546-94B0-565072673CF7}.Debug|x64.ActiveCfg = Debug|Any CPU
		{712D0BB9-DB54-4546-94B0-565072673CF7}.Debug|x64.Build.0 = Debug|Any CPU
		{712D0BB9-DB54-4546-94B0-565072673CF7}.Debug|x86.ActiveCfg = Debug|Any CPU
		{712D0BB9-DB54-4546-94B0-565072673CF7}.Debug|x86.Build.0 = Debug|Any CPU
		{712D0BB9-DB54-4546-94B0-565072673CF7}.Release|Any CPU.ActiveCfg = Release|Any CPU
		{712D0BB9-DB54-4546-94B0-565072673CF7}.Release|Any CPU.Build.0 = Release|Any CPU
		{712D0BB9-DB54-4546-94B0-565072673CF7}.Release|x64.ActiveCfg = Release|Any CPU
		{712D0BB9-DB54-4546-94B0-565072673CF7}.Release|x64.Build.0 = Release|Any CPU
		{712D0BB9-DB54-4546-94B0-565072673CF7}.Release|x86.ActiveCfg = Release|Any CPU
		{712D0BB9-DB54-4546-94B0-565072673CF7}.Release|x86.Build.0 = Release|Any CPU
		{BA605458-0AD0-4FFE-8B6C-FC60A01CB3B9}.Debug|Any CPU.ActiveCfg = Debug|Any CPU
		{BA605458-0AD0-4FFE-8B6C-FC60A01CB3B9}.Debug|Any CPU.Build.0 = Debug|Any CPU
		{BA605458-0AD0-4FFE-8B6C-FC60A01CB3B9}.Debug|x64.ActiveCfg = Debug|Any CPU
		{BA605458-0AD0-4FFE-8B6C-FC60A01CB3B9}.Debug|x64.Build.0 = Debug|Any CPU
		{BA605458-0AD0-4FFE-8B6C-FC60A01CB3B9}.Debug|x86.ActiveCfg = Debug|Any CPU
		{BA605458-0AD0-4FFE-8B6C-FC60A01CB3B9}.Debug|x86.Build.0 = Debug|Any CPU
		{BA605458-0AD0-4FFE-8B6C-FC60A01CB3B9}.Release|Any CPU.ActiveCfg = Release|Any CPU
		{BA605458-0AD0-4FFE-8B6C-FC60A01CB3B9}.Release|Any CPU.Build.0 = Release|Any CPU
		{BA605458-0AD0-4FFE-8B6C-FC60A01CB3B9}.Release|x64.ActiveCfg = Release|Any CPU
		{BA605458-0AD0-4FFE-8B6C-FC60A01CB3B9}.Release|x64.Build.0 = Release|Any CPU
		{BA605458-0AD0-4FFE-8B6C-FC60A01CB3B9}.Release|x86.ActiveCfg = Release|Any CPU
		{BA605458-0AD0-4FFE-8B6C-FC60A01CB3B9}.Release|x86.Build.0 = Release|Any CPU
	EndGlobalSection
	GlobalSection(SolutionProperties) = preSolution
		HideSolutionNode = FALSE
	EndGlobalSection
	GlobalSection(NestedProjects) = preSolution
		{F739BACB-C033-4529-AD02-F780C076C9C3} = {BA87CDBA-F68E-965E-1AD6-66BEA180AEA0}
		{F5EF35F0-C728-41E0-9775-2CAE95BF5756} = {BA87CDBA-F68E-965E-1AD6-66BEA180AEA0}
		{341C90BD-D819-45C1-98F3-3E48797EF3A4} = {BA87CDBA-F68E-965E-1AD6-66BEA180AEA0}
		{A701F03E-21FC-4448-B5D5-933BD304873D} = {BA87CDBA-F68E-965E-1AD6-66BEA180AEA0}
		{2F252FA6-503A-45F4-A19B-3A0C363C5E22} = {FDA6EC00-1E7E-4244-87C5-5285E393FA47}
		{C74845AC-E26D-42FE-B9BF-9BDEB03EB34C} = {FDA6EC00-1E7E-4244-87C5-5285E393FA47}
		{712D0BB9-DB54-4546-94B0-565072673CF7} = {FDA6EC00-1E7E-4244-87C5-5285E393FA47}
		{BA605458-0AD0-4FFE-8B6C-FC60A01CB3B9} = {FDA6EC00-1E7E-4244-87C5-5285E393FA47}
	EndGlobalSection
	GlobalSection(ExtensibilityGlobals) = postSolution
		SolutionGuid = {34E62BA1-257A-4C65-BFF4-810C77CF01FB}
	EndGlobalSection
EndGlobal
